
Microsoft Visual Studio Solution File, Format Version 12.00
# Visual Studio 15
VisualStudioVersion = 15.0.28307.421
MinimumVisualStudioVersion = 10.0.40219.1
Project("{9A19103F-16F7-4668-BE54-9A1E7A4F7556}") = "Appeon.SqlModelMapperDemo.Oracle", "Appeon.SqlModelMapperDemo.Oracle\Appeon.SqlModelMapperDemo.Oracle.csproj", "{F0518CF5-7CF9-448D-81DA-CDB4A6A5B171}"
EndProject
Project("{9A19103F-16F7-4668-BE54-9A1E7A4F7556}") = "Appeon.SqlModelMapperDemo.PostgreSQL", "Appeon.SqlModelMapperDemo.PostgreSQL\Appeon.SqlModelMapperDemo.PostgreSQL.csproj", "{1BC123CD-A95B-42A9-9334-0DE7A869B641}"
EndProject
Project("{9A19103F-16F7-4668-BE54-9A1E7A4F7556}") = "Appeon.SqlModelMapperDemo.SQLAnywhere", "Appeon.SqlModelMapperDemo.SQLAnywhere\Appeon.SqlModelMapperDemo.SQLAnywhere.csproj", "{BAF9176B-3833-4290-888F-118D648FA1F4}"
EndProject
Project("{9A19103F-16F7-4668-BE54-9A1E7A4F7556}") = "Appeon.SqlModelMapperDemo.SqlServer", "Appeon.SqlModelMapperDemo.SqlServer\Appeon.SqlModelMapperDemo.SqlServer.csproj", "{98BA3F6E-970A-45CC-A1E8-4284FCFF6CFB}"
EndProject
Project("{2150E333-8FDC-42A3-9474-1A3956D46DE8}") = "Appeon.SalesDemo.PB", "Appeon.SalesDemo.PB", "{0EB1E60C-45D6-4B6A-A176-4D8A541E17F7}"
EndProject
Project("{2150E333-8FDC-42A3-9474-1A3956D46DE8}") = "SalesDemo", "SalesDemo", "{90F534F1-6D57-47C3-B513-FA18D1272F4A}"
	ProjectSection(SolutionItems) = preProject
		Appeon.SalesDemo.PB\SalesDemo\apisetup.ini = Appeon.SalesDemo.PB\SalesDemo\apisetup.ini
		Appeon.SalesDemo.PB\SalesDemo\common.pbl = Appeon.SalesDemo.PB\SalesDemo\common.pbl
		Appeon.SalesDemo.PB\SalesDemo\person.pbl = Appeon.SalesDemo.PB\SalesDemo\person.pbl
		Appeon.SalesDemo.PB\SalesDemo\product.pbl = Appeon.SalesDemo.PB\SalesDemo\product.pbl
		Appeon.SalesDemo.PB\SalesDemo\report.pbl = Appeon.SalesDemo.PB\SalesDemo\report.pbl
		Appeon.SalesDemo.PB\SalesDemo\salesdemo.pbl = Appeon.SalesDemo.PB\SalesDemo\salesdemo.pbl
		Appeon.SalesDemo.PB\SalesDemo\salesdemo.pbt = Appeon.SalesDemo.PB\SalesDemo\salesdemo.pbt
		Appeon.SalesDemo.PB\SalesDemo\SalesDemo.pbw = Appeon.SalesDemo.PB\SalesDemo\SalesDemo.pbw
		Appeon.SalesDemo.PB\SalesDemo\salesdemo.usr.opt = Appeon.SalesDemo.PB\SalesDemo\salesdemo.usr.opt
		Appeon.SalesDemo.PB\SalesDemo\salesorder.pbl = Appeon.SalesDemo.PB\SalesDemo\salesorder.pbl
		Appeon.SalesDemo.PB\SalesDemo\webapi.pbl = Appeon.SalesDemo.PB\SalesDemo\webapi.pbl
	EndProjectSection
EndProject
Project("{2150E333-8FDC-42A3-9474-1A3956D46DE8}") = "image", "image", "{8BC6C991-9925-4AA2-8B6A-1C05B0AFF12E}"
	ProjectSection(SolutionItems) = preProject
		Appeon.SalesDemo.PB\SalesDemo\image\address.png = Appeon.SalesDemo.PB\SalesDemo\image\address.png
		Appeon.SalesDemo.PB\SalesDemo\image\address_active.png = Appeon.SalesDemo.PB\SalesDemo\image\address_active.png
		Appeon.SalesDemo.PB\SalesDemo\image\Area.PNG = Appeon.SalesDemo.PB\SalesDemo\image\Area.PNG
		Appeon.SalesDemo.PB\SalesDemo\image\background.PNG = Appeon.SalesDemo.PB\SalesDemo\image\background.PNG
		Appeon.SalesDemo.PB\SalesDemo\image\Bar.PNG = Appeon.SalesDemo.PB\SalesDemo\image\Bar.PNG
		Appeon.SalesDemo.PB\SalesDemo\image\CRM.ico = Appeon.SalesDemo.PB\SalesDemo\image\CRM.ico
		Appeon.SalesDemo.PB\SalesDemo\image\customer.png = Appeon.SalesDemo.PB\SalesDemo\image\customer.png
		Appeon.SalesDemo.PB\SalesDemo\image\customer_active.png = Appeon.SalesDemo.PB\SalesDemo\image\customer_active.png
		Appeon.SalesDemo.PB\SalesDemo\image\Line.PNG = Appeon.SalesDemo.PB\SalesDemo\image\Line.PNG
		Appeon.SalesDemo.PB\SalesDemo\image\order.png = Appeon.SalesDemo.PB\SalesDemo\image\order.png
		Appeon.SalesDemo.PB\SalesDemo\image\order_active.png = Appeon.SalesDemo.PB\SalesDemo\image\order_active.png
		Appeon.SalesDemo.PB\SalesDemo\image\product.png = Appeon.SalesDemo.PB\SalesDemo\image\product.png
		Appeon.SalesDemo.PB\SalesDemo\image\product_active.png = Appeon.SalesDemo.PB\SalesDemo\image\product_active.png
		Appeon.SalesDemo.PB\SalesDemo\image\quit.png = Appeon.SalesDemo.PB\SalesDemo\image\quit.png
		Appeon.SalesDemo.PB\SalesDemo\image\settings.png = Appeon.SalesDemo.PB\SalesDemo\image\settings.png
		Appeon.SalesDemo.PB\SalesDemo\image\settings_active.png = Appeon.SalesDemo.PB\SalesDemo\image\settings_active.png
		Appeon.SalesDemo.PB\SalesDemo\image\statistics.png = Appeon.SalesDemo.PB\SalesDemo\image\statistics.png
		Appeon.SalesDemo.PB\SalesDemo\image\statistics_active.png = Appeon.SalesDemo.PB\SalesDemo\image\statistics_active.png
	EndProjectSection
EndProject
Project("{2150E333-8FDC-42A3-9474-1A3956D46DE8}") = "Release", "Release", "{7BDA3FB5-820E-4B5F-8A16-C17E15D762AF}"
	ProjectSection(SolutionItems) = preProject
		Appeon.SalesDemo.PB\SalesDemo\Release\apisetup.ini = Appeon.SalesDemo.PB\SalesDemo\Release\apisetup.ini
		Appeon.SalesDemo.PB\SalesDemo\Release\common.pbd = Appeon.SalesDemo.PB\SalesDemo\Release\common.pbd
		Appeon.SalesDemo.PB\SalesDemo\Release\person.pbd = Appeon.SalesDemo.PB\SalesDemo\Release\person.pbd
		Appeon.SalesDemo.PB\SalesDemo\Release\product.pbd = Appeon.SalesDemo.PB\SalesDemo\Release\product.pbd
		Appeon.SalesDemo.PB\SalesDemo\Release\report.pbd = Appeon.SalesDemo.PB\SalesDemo\Release\report.pbd
		Appeon.SalesDemo.PB\SalesDemo\Release\salesdemo.exe = Appeon.SalesDemo.PB\SalesDemo\Release\salesdemo.exe
		Appeon.SalesDemo.PB\SalesDemo\Release\salesdemo.pbd = Appeon.SalesDemo.PB\SalesDemo\Release\salesdemo.pbd
		Appeon.SalesDemo.PB\SalesDemo\Release\salesorder.pbd = Appeon.SalesDemo.PB\SalesDemo\Release\salesorder.pbd
		Appeon.SalesDemo.PB\SalesDemo\Release\webapi.pbd = Appeon.SalesDemo.PB\SalesDemo\Release\webapi.pbd
	EndProjectSection
EndProject
Global
	GlobalSection(SolutionConfigurationPlatforms) = preSolution
		Debug|Any CPU = Debug|Any CPU
		Release|Any CPU = Release|Any CPU
	EndGlobalSection
	GlobalSection(ProjectConfigurationPlatforms) = postSolution
		{F0518CF5-7CF9-448D-81DA-CDB4A6A5B171}.Debug|Any CPU.ActiveCfg = Debug|Any CPU
		{F0518CF5-7CF9-448D-81DA-CDB4A6A5B171}.Debug|Any CPU.Build.0 = Debug|Any CPU
		{F0518CF5-7CF9-448D-81DA-CDB4A6A5B171}.Release|Any CPU.ActiveCfg = Release|Any CPU
		{F0518CF5-7CF9-448D-81DA-CDB4A6A5B171}.Release|Any CPU.Build.0 = Release|Any CPU
		{1BC123CD-A95B-42A9-9334-0DE7A869B641}.Debug|Any CPU.ActiveCfg = Debug|Any CPU
		{1BC123CD-A95B-42A9-9334-0DE7A869B641}.Debug|Any CPU.Build.0 = Debug|Any CPU
		{1BC123CD-A95B-42A9-9334-0DE7A869B641}.Release|Any CPU.ActiveCfg = Release|Any CPU
		{1BC123CD-A95B-42A9-9334-0DE7A869B641}.Release|Any CPU.Build.0 = Release|Any CPU
		{BAF9176B-3833-4290-888F-118D648FA1F4}.Debug|Any CPU.ActiveCfg = Debug|Any CPU
		{BAF9176B-3833-4290-888F-118D648FA1F4}.Debug|Any CPU.Build.0 = Debug|Any CPU
		{BAF9176B-3833-4290-888F-118D648FA1F4}.Release|Any CPU.ActiveCfg = Release|Any CPU
		{BAF9176B-3833-4290-888F-118D648FA1F4}.Release|Any CPU.Build.0 = Release|Any CPU
		{98BA3F6E-970A-45CC-A1E8-4284FCFF6CFB}.Debug|Any CPU.ActiveCfg = Debug|Any CPU
		{98BA3F6E-970A-45CC-A1E8-4284FCFF6CFB}.Debug|Any CPU.Build.0 = Debug|Any CPU
		{98BA3F6E-970A-45CC-A1E8-4284FCFF6CFB}.Release|Any CPU.ActiveCfg = Release|Any CPU
		{98BA3F6E-970A-45CC-A1E8-4284FCFF6CFB}.Release|Any CPU.Build.0 = Release|Any CPU
	EndGlobalSection
	GlobalSection(SolutionProperties) = preSolution
		HideSolutionNode = FALSE
	EndGlobalSection
	GlobalSection(NestedProjects) = preSolution
		{90F534F1-6D57-47C3-B513-FA18D1272F4A} = {0EB1E60C-45D6-4B6A-A176-4D8A541E17F7}
		{8BC6C991-9925-4AA2-8B6A-1C05B0AFF12E} = {90F534F1-6D57-47C3-B513-FA18D1272F4A}
		{7BDA3FB5-820E-4B5F-8A16-C17E15D762AF} = {90F534F1-6D57-47C3-B513-FA18D1272F4A}
	EndGlobalSection
	GlobalSection(ExtensibilityGlobals) = postSolution
		SolutionGuid = {6B041F09-E54B-4476-9C10-40BE2C58B1D2}
	EndGlobalSection
EndGlobal
