
Microsoft Visual Studio Solution File, Format Version 12.00
# Visual Studio 15
VisualStudioVersion = 15.0.28307.705
MinimumVisualStudioVersion = 10.0.40219.1
Project("{FAE04EC0-301F-11D3-BF4B-00C04F79EFBC}") = "Appeon.SnapObjectsDemo.Service.SqlServer", "Appeon.SnapObjectsDemo.Service.SqlServer\Appeon.SnapObjectsDemo.Service.SqlServer.csproj", "{B1E077E6-33EA-49F3-8B6B-B62DD8749B5D}"
EndProject
Global
	GlobalSection(SolutionConfigurationPlatforms) = preSolution
		Debug|Any CPU = Debug|Any CPU
		Release|Any CPU = Release|Any CPU
	EndGlobalSection
	GlobalSection(ProjectConfigurationPlatforms) = postSolution
		{B1E077E6-33EA-49F3-8B6B-B62DD8749B5D}.Debug|Any CPU.ActiveCfg = Debug|Any CPU
		{B1E077E6-33EA-49F3-8B6B-B62DD8749B5D}.Debug|Any CPU.Build.0 = Debug|Any CPU
		{B1E077E6-33EA-49F3-8B6B-B62DD8749B5D}.Release|Any CPU.ActiveCfg = Release|Any CPU
		{B1E077E6-33EA-49F3-8B6B-B62DD8749B5D}.Release|Any CPU.Build.0 = Release|Any CPU
	EndGlobalSection
	GlobalSection(SolutionProperties) = preSolution
		HideSolutionNode = FALSE
	EndGlobalSection
	GlobalSection(ExtensibilityGlobals) = postSolution
		SolutionGuid = {7D1723A6-D62E-4B8C-83DE-DCF681853D52}
	EndGlobalSection
EndGlobal
